
Microsoft Visual Studio Solution File, Format Version 12.00
# Visual Studio Version 17
VisualStudioVersion = 17.8.34004.107
MinimumVisualStudioVersion = 10.0.40219.1
Project("{9A19103F-16F7-4668-BE54-9A1E7A4F7556}") = "FileEncryption", "FileEncryption\FileEncryption.csproj", "{1850DF84-6B7A-470C-81FD-2E11FCD213A9}"
EndProject
Global
	GlobalSection(SolutionConfigurationPlatforms) = preSolution
		Debug|Any CPU = Debug|Any CPU
		Release|Any CPU = Release|Any CPU
	EndGlobalSection
	GlobalSection(ProjectConfigurationPlatforms) = postSolution
		{1850DF84-6B7A-470C-81FD-2E11FCD213A9}.Debug|Any CPU.ActiveCfg = Debug|Any CPU
		{1850DF84-6B7A-470C-81FD-2E11FCD213A9}.Debug|Any CPU.Build.0 = Debug|Any CPU
		{1850DF84-6B7A-470C-81FD-2E11FCD213A9}.Release|Any CPU.ActiveCfg = Release|Any CPU
		{1850DF84-6B7A-470C-81FD-2E11FCD213A9}.Release|Any CPU.Build.0 = Release|Any CPU
	EndGlobalSection
	GlobalSection(SolutionProperties) = preSolution
		HideSolutionNode = FALSE
	EndGlobalSection
	GlobalSection(ExtensibilityGlobals) = postSolution
		SolutionGuid = {32EF4C75-ED14-4232-9501-DD3225D86DEA}
	EndGlobalSection
EndGlobal
